<?xml version="1.0" encoding="utf-8"?>
<Project ToolsVersion="4.0" xmlns="http://schemas.microsoft.com/developer/msbuild/2003">
  <ItemGroup>
    <Filter Include="Fireworks">
      <UniqueIdentifier>{E10BD4EE-4D76-8865-96B4-390B025E66BA}</UniqueIdentifier>
    </Filter>
    <Filter Include="Fireworks\Events">
      <UniqueIdentifier>{A570CBBD-9169-EA0F-BA9B-CF94A6F3C91B}</UniqueIdentifier>
    </Filter>
  </ItemGroup>
  <ItemGroup>
    <ClInclude Include="src\Fireworks.h" />
    <ClInclude Include="src\Fireworks\Application.h">
      <Filter>Fireworks</Filter>
    </ClInclude>
    <ClInclude Include="src\Fireworks\Core.h">
      <Filter>Fireworks</Filter>
    </ClInclude>
    <ClInclude Include="src\Fireworks\EntryPoint.h">
      <Filter>Fireworks</Filter>
    </ClInclude>
    <ClInclude Include="src\Fireworks\Events\ApplicationEvent.h">
      <Filter>Fireworks\Events</Filter>
    </ClInclude>
    <ClInclude Include="src\Fireworks\Events\Event.h">
      <Filter>Fireworks\Events</Filter>
    </ClInclude>
    <ClInclude Include="src\Fireworks\Events\KeyEvent.h">
      <Filter>Fireworks\Events</Filter>
    </ClInclude>
    <ClInclude Include="src\Fireworks\Events\MouseEvent.h">
      <Filter>Fireworks\Events</Filter>
    </ClInclude>
    <ClInclude Include="src\Fireworks\Log.h">
      <Filter>Fireworks</Filter>
    </ClInclude>
  </ItemGroup>
  <ItemGroup>
    <ClCompile Include="src\Fireworks\Application.cpp">
      <Filter>Fireworks</Filter>
    </ClCompile>
    <ClCompile Include="src\Fireworks\Log.cpp">
      <Filter>Fireworks</Filter>
    </ClCompile>
  </ItemGroup>
</Project>